
Microsoft Visual Studio Solution File, Format Version 12.00
# Visual Studio Version 16
VisualStudioVersion = 16.0.29519.181
MinimumVisualStudioVersion = 10.0.40219.1
Project("{FAE04EC0-301F-11D3-BF4B-00C04F79EFBC}") = "Server", "TestRest\Server.csproj", "{5D8A9B1B-923E-4643-914F-FE644A4FFFD4}"
EndProject
Global
	GlobalSection(SolutionConfigurationPlatforms) = preSolution
		Debug|Any CPU = Debug|Any CPU
		Release|Any CPU = Release|Any CPU
	EndGlobalSection
	GlobalSection(ProjectConfigurationPlatforms) = postSolution
		{5D8A9B1B-923E-4643-914F-FE644A4FFFD4}.Debug|Any CPU.ActiveCfg = Debug|Any CPU
		{5D8A9B1B-923E-4643-914F-FE644A4FFFD4}.Debug|Any CPU.Build.0 = Debug|Any CPU
		{5D8A9B1B-923E-4643-914F-FE644A4FFFD4}.Release|Any CPU.ActiveCfg = Release|Any CPU
		{5D8A9B1B-923E-4643-914F-FE644A4FFFD4}.Release|Any CPU.Build.0 = Release|Any CPU
	EndGlobalSection
	GlobalSection(SolutionProperties) = preSolution
		HideSolutionNode = FALSE
	EndGlobalSection
	GlobalSection(ExtensibilityGlobals) = postSolution
		SolutionGuid = {06F25D28-1DA4-4B42-BB8F-5A0E5D6A880B}
	EndGlobalSection
EndGlobal
